
Microsoft Visual Studio Solution File, Format Version 12.00
# Visual Studio Version 16
VisualStudioVersion = 16.0.29025.244
MinimumVisualStudioVersion = 10.0.40219.1
Project("{9A19103F-16F7-4668-BE54-9A1E7A4F7556}") = "Ametista.Core", "Ametista.Core\Ametista.Core.csproj", "{37C6046C-D32F-4819-930B-333C635FCE53}"
EndProject
Project("{9A19103F-16F7-4668-BE54-9A1E7A4F7556}") = "Ametista.Infrastructure", "Ametista.Infrastructure\Ametista.Infrastructure.csproj", "{E09F4EE6-FC5D-4DA0-B00E-8BA43CA4F5BD}"
EndProject
Project("{9A19103F-16F7-4668-BE54-9A1E7A4F7556}") = "Ametista.UnitTest", "Ametista.UnitTest\Ametista.UnitTest.csproj", "{3DDBA5F3-B1AF-4FFF-8738-E9A65FF9A343}"
EndProject
Project("{9A19103F-16F7-4668-BE54-9A1E7A4F7556}") = "Ametista.Query", "Ametista.Query\Ametista.Query.csproj", "{952E7FC7-DC35-4093-9395-BE43B9DD814A}"
EndProject
Project("{9A19103F-16F7-4668-BE54-9A1E7A4F7556}") = "Ametista.Command", "Ametista.Command\Ametista.Command.csproj", "{3F46E2CF-F965-4785-A02C-FD14DFD1FC7E}"
EndProject
Project("{9A19103F-16F7-4668-BE54-9A1E7A4F7556}") = "Ametista.Api", "Ametista.Api\Ametista.Api.csproj", "{8C3E9371-487F-4BCF-AA05-DC7586C5B206}"
EndProject
Project("{E53339B2-1760-4266-BCC7-CA923CBCF16C}") = "docker-compose", "docker-compose.dcproj", "{CC54E3EC-A638-4984-AF61-C3D8FDC5B363}"
EndProject
Project("{FAE04EC0-301F-11D3-BF4B-00C04F79EFBC}") = "Ametista.Blazor", "Ametista.Blazor\Ametista.Blazor.csproj", "{DAD2AECA-49C0-4867-9C4D-F0D6786325DD}"
EndProject
Project("{FAE04EC0-301F-11D3-BF4B-00C04F79EFBC}") = "Ametista.Api.Model", "Ametista.Api.Model\Ametista.Api.Model.csproj", "{EC8A2007-6BC7-4B18-9A49-AD76DAC740F7}"
EndProject
Global
	GlobalSection(SolutionConfigurationPlatforms) = preSolution
		Debug|Any CPU = Debug|Any CPU
		Release|Any CPU = Release|Any CPU
	EndGlobalSection
	GlobalSection(ProjectConfigurationPlatforms) = postSolution
		{37C6046C-D32F-4819-930B-333C635FCE53}.Debug|Any CPU.ActiveCfg = Debug|Any CPU
		{37C6046C-D32F-4819-930B-333C635FCE53}.Debug|Any CPU.Build.0 = Debug|Any CPU
		{37C6046C-D32F-4819-930B-333C635FCE53}.Release|Any CPU.ActiveCfg = Release|Any CPU
		{37C6046C-D32F-4819-930B-333C635FCE53}.Release|Any CPU.Build.0 = Release|Any CPU
		{E09F4EE6-FC5D-4DA0-B00E-8BA43CA4F5BD}.Debug|Any CPU.ActiveCfg = Debug|Any CPU
		{E09F4EE6-FC5D-4DA0-B00E-8BA43CA4F5BD}.Debug|Any CPU.Build.0 = Debug|Any CPU
		{E09F4EE6-FC5D-4DA0-B00E-8BA43CA4F5BD}.Release|Any CPU.ActiveCfg = Release|Any CPU
		{E09F4EE6-FC5D-4DA0-B00E-8BA43CA4F5BD}.Release|Any CPU.Build.0 = Release|Any CPU
		{3DDBA5F3-B1AF-4FFF-8738-E9A65FF9A343}.Debug|Any CPU.ActiveCfg = Debug|Any CPU
		{3DDBA5F3-B1AF-4FFF-8738-E9A65FF9A343}.Debug|Any CPU.Build.0 = Debug|Any CPU
		{3DDBA5F3-B1AF-4FFF-8738-E9A65FF9A343}.Release|Any CPU.ActiveCfg = Release|Any CPU
		{3DDBA5F3-B1AF-4FFF-8738-E9A65FF9A343}.Release|Any CPU.Build.0 = Release|Any CPU
		{952E7FC7-DC35-4093-9395-BE43B9DD814A}.Debug|Any CPU.ActiveCfg = Debug|Any CPU
		{952E7FC7-DC35-4093-9395-BE43B9DD814A}.Debug|Any CPU.Build.0 = Debug|Any CPU
		{952E7FC7-DC35-4093-9395-BE43B9DD814A}.Release|Any CPU.ActiveCfg = Release|Any CPU
		{952E7FC7-DC35-4093-9395-BE43B9DD814A}.Release|Any CPU.Build.0 = Release|Any CPU
		{3F46E2CF-F965-4785-A02C-FD14DFD1FC7E}.Debug|Any CPU.ActiveCfg = Debug|Any CPU
		{3F46E2CF-F965-4785-A02C-FD14DFD1FC7E}.Debug|Any CPU.Build.0 = Debug|Any CPU
		{3F46E2CF-F965-4785-A02C-FD14DFD1FC7E}.Release|Any CPU.ActiveCfg = Release|Any CPU
		{3F46E2CF-F965-4785-A02C-FD14DFD1FC7E}.Release|Any CPU.Build.0 = Release|Any CPU
		{8C3E9371-487F-4BCF-AA05-DC7586C5B206}.Debug|Any CPU.ActiveCfg = Debug|Any CPU
		{8C3E9371-487F-4BCF-AA05-DC7586C5B206}.Debug|Any CPU.Build.0 = Debug|Any CPU
		{8C3E9371-487F-4BCF-AA05-DC7586C5B206}.Release|Any CPU.ActiveCfg = Release|Any CPU
		{8C3E9371-487F-4BCF-AA05-DC7586C5B206}.Release|Any CPU.Build.0 = Release|Any CPU
		{CC54E3EC-A638-4984-AF61-C3D8FDC5B363}.Debug|Any CPU.ActiveCfg = Debug|Any CPU
		{CC54E3EC-A638-4984-AF61-C3D8FDC5B363}.Debug|Any CPU.Build.0 = Debug|Any CPU
		{CC54E3EC-A638-4984-AF61-C3D8FDC5B363}.Release|Any CPU.ActiveCfg = Release|Any CPU
		{CC54E3EC-A638-4984-AF61-C3D8FDC5B363}.Release|Any CPU.Build.0 = Release|Any CPU
		{DAD2AECA-49C0-4867-9C4D-F0D6786325DD}.Debug|Any CPU.ActiveCfg = Debug|Any CPU
		{DAD2AECA-49C0-4867-9C4D-F0D6786325DD}.Debug|Any CPU.Build.0 = Debug|Any CPU
		{DAD2AECA-49C0-4867-9C4D-F0D6786325DD}.Release|Any CPU.ActiveCfg = Release|Any CPU
		{DAD2AECA-49C0-4867-9C4D-F0D6786325DD}.Release|Any CPU.Build.0 = Release|Any CPU
		{EC8A2007-6BC7-4B18-9A49-AD76DAC740F7}.Debug|Any CPU.ActiveCfg = Debug|Any CPU
		{EC8A2007-6BC7-4B18-9A49-AD76DAC740F7}.Debug|Any CPU.Build.0 = Debug|Any CPU
		{EC8A2007-6BC7-4B18-9A49-AD76DAC740F7}.Release|Any CPU.ActiveCfg = Release|Any CPU
		{EC8A2007-6BC7-4B18-9A49-AD76DAC740F7}.Release|Any CPU.Build.0 = Release|Any CPU
	EndGlobalSection
	GlobalSection(SolutionProperties) = preSolution
		HideSolutionNode = FALSE
	EndGlobalSection
	GlobalSection(ExtensibilityGlobals) = postSolution
		SolutionGuid = {C456BE88-D66C-4D9A-8786-ED184F8C9341}
	EndGlobalSection
EndGlobal
